
Microsoft Visual Studio Solution File, Format Version 12.00
# Visual Studio Version 17
VisualStudioVersion = 17.7.34031.279
MinimumVisualStudioVersion = 10.0.40219.1
Project("{9A19103F-16F7-4668-BE54-9A1E7A4F7556}") = "MedioClinic", "MedioClinic\MedioClinic.csproj", "{65CD7D62-F679-473A-9F6C-6203DF27C5E6}"
EndProject
Project("{2150E333-8FDC-42A3-9474-1A3956D46DE8}") = "Solution Items", "Solution Items", "{F572E88A-725E-4D45-A3E0-ACCD662459CF}"
	ProjectSection(SolutionItems) = preProject
		CodeAnalysis.ruleset = CodeAnalysis.ruleset
	EndProjectSection
EndProject
Project("{FAE04EC0-301F-11D3-BF4B-00C04F79EFBC}") = "Common", "Common\Common.csproj", "{2B06269D-5E71-4C2A-AF71-E63E11AF8D0D}"
EndProject
Project("{FAE04EC0-301F-11D3-BF4B-00C04F79EFBC}") = "XperienceAdapter", "XperienceAdapter\XperienceAdapter.csproj", "{5D9E2284-A1B1-425B-917C-7ED3C5E9455E}"
EndProject
Project("{FAE04EC0-301F-11D3-BF4B-00C04F79EFBC}") = "Business", "Business\Business.csproj", "{C423BE40-365A-4CD6-9DD1-188C7F948A31}"
EndProject
Global
	GlobalSection(SolutionConfigurationPlatforms) = preSolution
		Debug|Any CPU = Debug|Any CPU
		Release|Any CPU = Release|Any CPU
	EndGlobalSection
	GlobalSection(ProjectConfigurationPlatforms) = postSolution
		{65CD7D62-F679-473A-9F6C-6203DF27C5E6}.Debug|Any CPU.ActiveCfg = Debug|Any CPU
		{65CD7D62-F679-473A-9F6C-6203DF27C5E6}.Debug|Any CPU.Build.0 = Debug|Any CPU
		{65CD7D62-F679-473A-9F6C-6203DF27C5E6}.Release|Any CPU.ActiveCfg = Release|Any CPU
		{65CD7D62-F679-473A-9F6C-6203DF27C5E6}.Release|Any CPU.Build.0 = Release|Any CPU
		{2B06269D-5E71-4C2A-AF71-E63E11AF8D0D}.Debug|Any CPU.ActiveCfg = Debug|Any CPU
		{2B06269D-5E71-4C2A-AF71-E63E11AF8D0D}.Debug|Any CPU.Build.0 = Debug|Any CPU
		{2B06269D-5E71-4C2A-AF71-E63E11AF8D0D}.Release|Any CPU.ActiveCfg = Release|Any CPU
		{2B06269D-5E71-4C2A-AF71-E63E11AF8D0D}.Release|Any CPU.Build.0 = Release|Any CPU
		{5D9E2284-A1B1-425B-917C-7ED3C5E9455E}.Debug|Any CPU.ActiveCfg = Debug|Any CPU
		{5D9E2284-A1B1-425B-917C-7ED3C5E9455E}.Debug|Any CPU.Build.0 = Debug|Any CPU
		{5D9E2284-A1B1-425B-917C-7ED3C5E9455E}.Release|Any CPU.ActiveCfg = Release|Any CPU
		{5D9E2284-A1B1-425B-917C-7ED3C5E9455E}.Release|Any CPU.Build.0 = Release|Any CPU
		{C423BE40-365A-4CD6-9DD1-188C7F948A31}.Debug|Any CPU.ActiveCfg = Debug|Any CPU
		{C423BE40-365A-4CD6-9DD1-188C7F948A31}.Debug|Any CPU.Build.0 = Debug|Any CPU
		{C423BE40-365A-4CD6-9DD1-188C7F948A31}.Release|Any CPU.ActiveCfg = Release|Any CPU
		{C423BE40-365A-4CD6-9DD1-188C7F948A31}.Release|Any CPU.Build.0 = Release|Any CPU
	EndGlobalSection
	GlobalSection(SolutionProperties) = preSolution
		HideSolutionNode = FALSE
	EndGlobalSection
	GlobalSection(ExtensibilityGlobals) = postSolution
		SolutionGuid = {E81462CC-03D5-45B0-9809-1656A1AED400}
	EndGlobalSection
EndGlobal
